
Microsoft Visual Studio Solution File, Format Version 12.00
Project("{2150E333-8FDC-42A3-9474-1A3956D46DE8}") = "1 - Introduction", "1 - Introduction", "{3358449E-CFED-4C0A-9B25-6A5463F0B498}"
EndProject
Project("{FAE04EC0-301F-11D3-BF4B-00C04F79EFBC}") = "SimplePerson", "SimplePerson\SimplePerson.csproj", "{19867904-5621-439F-91B9-03E285224055}"
EndProject
Project("{FAE04EC0-301F-11D3-BF4B-00C04F79EFBC}") = "PrintingNumbers", "PrintingNumbers\PrintingNumbers.csproj", "{798AD847-B4D2-4437-BDB6-138C2E8AC96A}"
EndProject
Project("{FAE04EC0-301F-11D3-BF4B-00C04F79EFBC}") = "MathLib", "MathLib\MathLib.csproj", "{935D2482-6B68-464E-AA1F-14E47F22B820}"
EndProject
Project("{FAE04EC0-301F-11D3-BF4B-00C04F79EFBC}") = "ArrayClumb", "ArrayClumb\ArrayClumb.csproj", "{D92DEEB1-1162-4E0A-999B-AA5E5A7AE45F}"
EndProject
Project("{FAE04EC0-301F-11D3-BF4B-00C04F79EFBC}") = "SurroundWith", "SurroundWith\SurroundWith.csproj", "{D2482645-AABC-4425-BCBD-3D89B4AAA5FF}"
EndProject
Project("{FAE04EC0-301F-11D3-BF4B-00C04F79EFBC}") = "ABBA", "ABBA\ABBA.csproj", "{EAF9B829-CA40-498B-B4B4-688F2E112B68}"
EndProject
Project("{FAE04EC0-301F-11D3-BF4B-00C04F79EFBC}") = "Substring", "Substring\Substring.csproj", "{2AA355FF-2B26-45A4-A18E-3065C9EE1726}"
EndProject
Project("{FAE04EC0-301F-11D3-BF4B-00C04F79EFBC}") = "BiggestDifference", "BiggestDifference\BiggestDifference.csproj", "{4A5ED932-8A62-4560-BA0B-27FFFF97D204}"
EndProject
Project("{2150E333-8FDC-42A3-9474-1A3956D46DE8}") = "2 - More C#", "2 - More C#", "{9F86EA10-C703-492A-BF3B-8882479069E7}"
EndProject
Project("{FAE04EC0-301F-11D3-BF4B-00C04F79EFBC}") = "Polymorphism", "Polymorphism\Polymorphism.csproj", "{F03312DC-505A-4586-AD82-8FF09109F300}"
EndProject
Project("{FAE04EC0-301F-11D3-BF4B-00C04F79EFBC}") = "TrafficControl", "TrafficControl\TrafficControl.csproj", "{D9A79CBD-7011-4B74-B8D3-5DC462DD70CA}"
EndProject
Project("{FAE04EC0-301F-11D3-BF4B-00C04F79EFBC}") = "DoctorsWaitingRoom", "DoctorsWaitingRoom\DoctorsWaitingRoom.csproj", "{D2767D44-61E3-4CE0-8277-AC1F4ADE472F}"
EndProject
Project("{FAE04EC0-301F-11D3-BF4B-00C04F79EFBC}") = "CarAndPredicates", "CarAndPredicates\CarAndPredicates.csproj", "{46A9C8A9-984A-4517-9A6D-E384BE808E2C}"
EndProject
Project("{FAE04EC0-301F-11D3-BF4B-00C04F79EFBC}") = "LargestProductSeries", "LargestProductSeries\LargestProductSeries.csproj", "{F2A7E0C3-F49F-4894-87D5-5A532874E0EF}"
EndProject
Project("{2150E333-8FDC-42A3-9474-1A3956D46DE8}") = "3 - Advanced Stuff", "3 - Advanced Stuff", "{F2AFADAB-BE66-446D-808B-42A33C68525F}"
EndProject
Project("{FAE04EC0-301F-11D3-BF4B-00C04F79EFBC}") = "Breakfast", "Breakfast\Breakfast.csproj", "{5C40993B-A848-49E3-968C-417EE3F7DD1C}"
EndProject
Project("{FAE04EC0-301F-11D3-BF4B-00C04F79EFBC}") = "JSONIntro", "JSONIntro\JSONIntro.csproj", "{71D3062B-2526-45AD-ABDC-7A4F885C61AD}"
EndProject
Project("{FAE04EC0-301F-11D3-BF4B-00C04F79EFBC}") = "EchoClient", "EchoClient\EchoClient.csproj", "{E136CFFC-802B-4DA7-AB26-7BD0A48CF297}"
EndProject
Project("{FAE04EC0-301F-11D3-BF4B-00C04F79EFBC}") = "EchoServer", "EchoServer\EchoServer.csproj", "{40414677-C84F-4C19-AFD7-22000952B93B}"
EndProject
Project("{2150E333-8FDC-42A3-9474-1A3956D46DE8}") = "Echo", "Echo", "{A0369ADA-263B-48F5-A400-F2D7AF324CD1}"
EndProject
Project("{FAE04EC0-301F-11D3-BF4B-00C04F79EFBC}") = "SumAndQuestionMarks", "SumAndQuestionMarks\SumAndQuestionMarks.csproj", "{A44CB7E2-D820-4D36-940A-05B97193D7AD}"
EndProject
Project("{FAE04EC0-301F-11D3-BF4B-00C04F79EFBC}") = "KthLargestNumber", "KthLargestNumber\KthLargestNumber.csproj", "{26782BA9-551C-4E04-BA0E-FC1395C0848A}"
EndProject
Project("{2150E333-8FDC-42A3-9474-1A3956D46DE8}") = "ChallengeExercises", "ChallengeExercises", "{8E1FFEE1-165F-47D6-BBCE-6388A8A3866B}"
EndProject
Project("{FAE04EC0-301F-11D3-BF4B-00C04F79EFBC}") = "Palindrome", "Palindrome\Palindrome.csproj", "{4E0433A0-841A-483D-8C65-F6E0F9B10259}"
EndProject
Project("{2150E333-8FDC-42A3-9474-1A3956D46DE8}") = "ChatProgram", "ChatProgram", "{51A1837E-1296-41EA-916E-17A98DA85656}"
EndProject
Project("{FAE04EC0-301F-11D3-BF4B-00C04F79EFBC}") = "ChatClient", "ChatClient\ChatClient.csproj", "{BC3D3642-0DE6-4794-9592-01A453850A30}"
EndProject
Project("{FAE04EC0-301F-11D3-BF4B-00C04F79EFBC}") = "ChatServer", "ChatServer\ChatServer.csproj", "{154D6E86-A43E-423F-B44E-A3848E51732A}"
EndProject
Global
	GlobalSection(SolutionConfigurationPlatforms) = preSolution
		Debug|Any CPU = Debug|Any CPU
		Release|Any CPU = Release|Any CPU
	EndGlobalSection
	GlobalSection(NestedProjects) = preSolution
		{19867904-5621-439F-91B9-03E285224055} = {3358449E-CFED-4C0A-9B25-6A5463F0B498}
		{798AD847-B4D2-4437-BDB6-138C2E8AC96A} = {3358449E-CFED-4C0A-9B25-6A5463F0B498}
		{935D2482-6B68-464E-AA1F-14E47F22B820} = {3358449E-CFED-4C0A-9B25-6A5463F0B498}
		{D2482645-AABC-4425-BCBD-3D89B4AAA5FF} = {3358449E-CFED-4C0A-9B25-6A5463F0B498}
		{2AA355FF-2B26-45A4-A18E-3065C9EE1726} = {3358449E-CFED-4C0A-9B25-6A5463F0B498}
		{F03312DC-505A-4586-AD82-8FF09109F300} = {9F86EA10-C703-492A-BF3B-8882479069E7}
		{D9A79CBD-7011-4B74-B8D3-5DC462DD70CA} = {9F86EA10-C703-492A-BF3B-8882479069E7}
		{D2767D44-61E3-4CE0-8277-AC1F4ADE472F} = {9F86EA10-C703-492A-BF3B-8882479069E7}
		{46A9C8A9-984A-4517-9A6D-E384BE808E2C} = {9F86EA10-C703-492A-BF3B-8882479069E7}
		{5C40993B-A848-49E3-968C-417EE3F7DD1C} = {F2AFADAB-BE66-446D-808B-42A33C68525F}
		{71D3062B-2526-45AD-ABDC-7A4F885C61AD} = {F2AFADAB-BE66-446D-808B-42A33C68525F}
		{A0369ADA-263B-48F5-A400-F2D7AF324CD1} = {F2AFADAB-BE66-446D-808B-42A33C68525F}
		{E136CFFC-802B-4DA7-AB26-7BD0A48CF297} = {A0369ADA-263B-48F5-A400-F2D7AF324CD1}
		{40414677-C84F-4C19-AFD7-22000952B93B} = {A0369ADA-263B-48F5-A400-F2D7AF324CD1}
		{26782BA9-551C-4E04-BA0E-FC1395C0848A} = {8E1FFEE1-165F-47D6-BBCE-6388A8A3866B}
		{F2A7E0C3-F49F-4894-87D5-5A532874E0EF} = {8E1FFEE1-165F-47D6-BBCE-6388A8A3866B}
		{A44CB7E2-D820-4D36-940A-05B97193D7AD} = {8E1FFEE1-165F-47D6-BBCE-6388A8A3866B}
		{D92DEEB1-1162-4E0A-999B-AA5E5A7AE45F} = {8E1FFEE1-165F-47D6-BBCE-6388A8A3866B}
		{EAF9B829-CA40-498B-B4B4-688F2E112B68} = {8E1FFEE1-165F-47D6-BBCE-6388A8A3866B}
		{4A5ED932-8A62-4560-BA0B-27FFFF97D204} = {8E1FFEE1-165F-47D6-BBCE-6388A8A3866B}
		{4E0433A0-841A-483D-8C65-F6E0F9B10259} = {8E1FFEE1-165F-47D6-BBCE-6388A8A3866B}
		{51A1837E-1296-41EA-916E-17A98DA85656} = {F2AFADAB-BE66-446D-808B-42A33C68525F}
		{BC3D3642-0DE6-4794-9592-01A453850A30} = {51A1837E-1296-41EA-916E-17A98DA85656}
		{154D6E86-A43E-423F-B44E-A3848E51732A} = {51A1837E-1296-41EA-916E-17A98DA85656}
	EndGlobalSection
	GlobalSection(ProjectConfigurationPlatforms) = postSolution
		{19867904-5621-439F-91B9-03E285224055}.Debug|Any CPU.ActiveCfg = Debug|Any CPU
		{19867904-5621-439F-91B9-03E285224055}.Debug|Any CPU.Build.0 = Debug|Any CPU
		{19867904-5621-439F-91B9-03E285224055}.Release|Any CPU.ActiveCfg = Release|Any CPU
		{19867904-5621-439F-91B9-03E285224055}.Release|Any CPU.Build.0 = Release|Any CPU
		{798AD847-B4D2-4437-BDB6-138C2E8AC96A}.Debug|Any CPU.ActiveCfg = Debug|Any CPU
		{798AD847-B4D2-4437-BDB6-138C2E8AC96A}.Debug|Any CPU.Build.0 = Debug|Any CPU
		{798AD847-B4D2-4437-BDB6-138C2E8AC96A}.Release|Any CPU.ActiveCfg = Release|Any CPU
		{798AD847-B4D2-4437-BDB6-138C2E8AC96A}.Release|Any CPU.Build.0 = Release|Any CPU
		{935D2482-6B68-464E-AA1F-14E47F22B820}.Debug|Any CPU.ActiveCfg = Debug|Any CPU
		{935D2482-6B68-464E-AA1F-14E47F22B820}.Debug|Any CPU.Build.0 = Debug|Any CPU
		{935D2482-6B68-464E-AA1F-14E47F22B820}.Release|Any CPU.ActiveCfg = Release|Any CPU
		{935D2482-6B68-464E-AA1F-14E47F22B820}.Release|Any CPU.Build.0 = Release|Any CPU
		{D92DEEB1-1162-4E0A-999B-AA5E5A7AE45F}.Debug|Any CPU.ActiveCfg = Debug|Any CPU
		{D92DEEB1-1162-4E0A-999B-AA5E5A7AE45F}.Debug|Any CPU.Build.0 = Debug|Any CPU
		{D92DEEB1-1162-4E0A-999B-AA5E5A7AE45F}.Release|Any CPU.ActiveCfg = Release|Any CPU
		{D92DEEB1-1162-4E0A-999B-AA5E5A7AE45F}.Release|Any CPU.Build.0 = Release|Any CPU
		{D2482645-AABC-4425-BCBD-3D89B4AAA5FF}.Debug|Any CPU.ActiveCfg = Debug|Any CPU
		{D2482645-AABC-4425-BCBD-3D89B4AAA5FF}.Debug|Any CPU.Build.0 = Debug|Any CPU
		{D2482645-AABC-4425-BCBD-3D89B4AAA5FF}.Release|Any CPU.ActiveCfg = Release|Any CPU
		{D2482645-AABC-4425-BCBD-3D89B4AAA5FF}.Release|Any CPU.Build.0 = Release|Any CPU
		{EAF9B829-CA40-498B-B4B4-688F2E112B68}.Debug|Any CPU.ActiveCfg = Debug|Any CPU
		{EAF9B829-CA40-498B-B4B4-688F2E112B68}.Debug|Any CPU.Build.0 = Debug|Any CPU
		{EAF9B829-CA40-498B-B4B4-688F2E112B68}.Release|Any CPU.ActiveCfg = Release|Any CPU
		{EAF9B829-CA40-498B-B4B4-688F2E112B68}.Release|Any CPU.Build.0 = Release|Any CPU
		{2AA355FF-2B26-45A4-A18E-3065C9EE1726}.Debug|Any CPU.ActiveCfg = Debug|Any CPU
		{2AA355FF-2B26-45A4-A18E-3065C9EE1726}.Debug|Any CPU.Build.0 = Debug|Any CPU
		{2AA355FF-2B26-45A4-A18E-3065C9EE1726}.Release|Any CPU.ActiveCfg = Release|Any CPU
		{2AA355FF-2B26-45A4-A18E-3065C9EE1726}.Release|Any CPU.Build.0 = Release|Any CPU
		{4A5ED932-8A62-4560-BA0B-27FFFF97D204}.Debug|Any CPU.ActiveCfg = Debug|Any CPU
		{4A5ED932-8A62-4560-BA0B-27FFFF97D204}.Debug|Any CPU.Build.0 = Debug|Any CPU
		{4A5ED932-8A62-4560-BA0B-27FFFF97D204}.Release|Any CPU.ActiveCfg = Release|Any CPU
		{4A5ED932-8A62-4560-BA0B-27FFFF97D204}.Release|Any CPU.Build.0 = Release|Any CPU
		{F03312DC-505A-4586-AD82-8FF09109F300}.Debug|Any CPU.ActiveCfg = Debug|Any CPU
		{F03312DC-505A-4586-AD82-8FF09109F300}.Debug|Any CPU.Build.0 = Debug|Any CPU
		{F03312DC-505A-4586-AD82-8FF09109F300}.Release|Any CPU.ActiveCfg = Release|Any CPU
		{F03312DC-505A-4586-AD82-8FF09109F300}.Release|Any CPU.Build.0 = Release|Any CPU
		{D9A79CBD-7011-4B74-B8D3-5DC462DD70CA}.Debug|Any CPU.ActiveCfg = Debug|Any CPU
		{D9A79CBD-7011-4B74-B8D3-5DC462DD70CA}.Debug|Any CPU.Build.0 = Debug|Any CPU
		{D9A79CBD-7011-4B74-B8D3-5DC462DD70CA}.Release|Any CPU.ActiveCfg = Release|Any CPU
		{D9A79CBD-7011-4B74-B8D3-5DC462DD70CA}.Release|Any CPU.Build.0 = Release|Any CPU
		{D2767D44-61E3-4CE0-8277-AC1F4ADE472F}.Debug|Any CPU.ActiveCfg = Debug|Any CPU
		{D2767D44-61E3-4CE0-8277-AC1F4ADE472F}.Debug|Any CPU.Build.0 = Debug|Any CPU
		{D2767D44-61E3-4CE0-8277-AC1F4ADE472F}.Release|Any CPU.ActiveCfg = Release|Any CPU
		{D2767D44-61E3-4CE0-8277-AC1F4ADE472F}.Release|Any CPU.Build.0 = Release|Any CPU
		{46A9C8A9-984A-4517-9A6D-E384BE808E2C}.Debug|Any CPU.ActiveCfg = Debug|Any CPU
		{46A9C8A9-984A-4517-9A6D-E384BE808E2C}.Debug|Any CPU.Build.0 = Debug|Any CPU
		{46A9C8A9-984A-4517-9A6D-E384BE808E2C}.Release|Any CPU.ActiveCfg = Release|Any CPU
		{46A9C8A9-984A-4517-9A6D-E384BE808E2C}.Release|Any CPU.Build.0 = Release|Any CPU
		{F2A7E0C3-F49F-4894-87D5-5A532874E0EF}.Debug|Any CPU.ActiveCfg = Debug|Any CPU
		{F2A7E0C3-F49F-4894-87D5-5A532874E0EF}.Debug|Any CPU.Build.0 = Debug|Any CPU
		{F2A7E0C3-F49F-4894-87D5-5A532874E0EF}.Release|Any CPU.ActiveCfg = Release|Any CPU
		{F2A7E0C3-F49F-4894-87D5-5A532874E0EF}.Release|Any CPU.Build.0 = Release|Any CPU
		{5C40993B-A848-49E3-968C-417EE3F7DD1C}.Debug|Any CPU.ActiveCfg = Debug|Any CPU
		{5C40993B-A848-49E3-968C-417EE3F7DD1C}.Debug|Any CPU.Build.0 = Debug|Any CPU
		{5C40993B-A848-49E3-968C-417EE3F7DD1C}.Release|Any CPU.ActiveCfg = Release|Any CPU
		{5C40993B-A848-49E3-968C-417EE3F7DD1C}.Release|Any CPU.Build.0 = Release|Any CPU
		{71D3062B-2526-45AD-ABDC-7A4F885C61AD}.Debug|Any CPU.ActiveCfg = Debug|Any CPU
		{71D3062B-2526-45AD-ABDC-7A4F885C61AD}.Debug|Any CPU.Build.0 = Debug|Any CPU
		{71D3062B-2526-45AD-ABDC-7A4F885C61AD}.Release|Any CPU.ActiveCfg = Release|Any CPU
		{71D3062B-2526-45AD-ABDC-7A4F885C61AD}.Release|Any CPU.Build.0 = Release|Any CPU
		{E136CFFC-802B-4DA7-AB26-7BD0A48CF297}.Debug|Any CPU.ActiveCfg = Debug|Any CPU
		{E136CFFC-802B-4DA7-AB26-7BD0A48CF297}.Debug|Any CPU.Build.0 = Debug|Any CPU
		{E136CFFC-802B-4DA7-AB26-7BD0A48CF297}.Release|Any CPU.ActiveCfg = Release|Any CPU
		{E136CFFC-802B-4DA7-AB26-7BD0A48CF297}.Release|Any CPU.Build.0 = Release|Any CPU
		{40414677-C84F-4C19-AFD7-22000952B93B}.Debug|Any CPU.ActiveCfg = Debug|Any CPU
		{40414677-C84F-4C19-AFD7-22000952B93B}.Debug|Any CPU.Build.0 = Debug|Any CPU
		{40414677-C84F-4C19-AFD7-22000952B93B}.Release|Any CPU.ActiveCfg = Release|Any CPU
		{40414677-C84F-4C19-AFD7-22000952B93B}.Release|Any CPU.Build.0 = Release|Any CPU
		{A44CB7E2-D820-4D36-940A-05B97193D7AD}.Debug|Any CPU.ActiveCfg = Debug|Any CPU
		{A44CB7E2-D820-4D36-940A-05B97193D7AD}.Debug|Any CPU.Build.0 = Debug|Any CPU
		{A44CB7E2-D820-4D36-940A-05B97193D7AD}.Release|Any CPU.ActiveCfg = Release|Any CPU
		{A44CB7E2-D820-4D36-940A-05B97193D7AD}.Release|Any CPU.Build.0 = Release|Any CPU
		{26782BA9-551C-4E04-BA0E-FC1395C0848A}.Debug|Any CPU.ActiveCfg = Debug|Any CPU
		{26782BA9-551C-4E04-BA0E-FC1395C0848A}.Debug|Any CPU.Build.0 = Debug|Any CPU
		{26782BA9-551C-4E04-BA0E-FC1395C0848A}.Release|Any CPU.ActiveCfg = Release|Any CPU
		{26782BA9-551C-4E04-BA0E-FC1395C0848A}.Release|Any CPU.Build.0 = Release|Any CPU
		{4E0433A0-841A-483D-8C65-F6E0F9B10259}.Debug|Any CPU.ActiveCfg = Debug|Any CPU
		{4E0433A0-841A-483D-8C65-F6E0F9B10259}.Debug|Any CPU.Build.0 = Debug|Any CPU
		{4E0433A0-841A-483D-8C65-F6E0F9B10259}.Release|Any CPU.ActiveCfg = Release|Any CPU
		{4E0433A0-841A-483D-8C65-F6E0F9B10259}.Release|Any CPU.Build.0 = Release|Any CPU
		{BC3D3642-0DE6-4794-9592-01A453850A30}.Debug|Any CPU.ActiveCfg = Debug|Any CPU
		{BC3D3642-0DE6-4794-9592-01A453850A30}.Debug|Any CPU.Build.0 = Debug|Any CPU
		{BC3D3642-0DE6-4794-9592-01A453850A30}.Release|Any CPU.ActiveCfg = Release|Any CPU
		{BC3D3642-0DE6-4794-9592-01A453850A30}.Release|Any CPU.Build.0 = Release|Any CPU
		{154D6E86-A43E-423F-B44E-A3848E51732A}.Debug|Any CPU.ActiveCfg = Debug|Any CPU
		{154D6E86-A43E-423F-B44E-A3848E51732A}.Debug|Any CPU.Build.0 = Debug|Any CPU
		{154D6E86-A43E-423F-B44E-A3848E51732A}.Release|Any CPU.ActiveCfg = Release|Any CPU
		{154D6E86-A43E-423F-B44E-A3848E51732A}.Release|Any CPU.Build.0 = Release|Any CPU
	EndGlobalSection
EndGlobal
